
Microsoft Visual Studio Solution File, Format Version 12.00
# Visual Studio Version 17
VisualStudioVersion = 17.4.33213.308
MinimumVisualStudioVersion = 10.0.40219.1
Project("{9A19103F-16F7-4668-BE54-9A1E7A4F7556}") = "MyToDo", "MyToDo\MyToDo.csproj", "{7BDC083C-E3D3-416A-9A73-B42BB68DD5A1}"
EndProject
Project("{9A19103F-16F7-4668-BE54-9A1E7A4F7556}") = "MyToDo.Api", "MyToDo.Api\MyToDo.Api.csproj", "{5A7A6C0E-A898-46CC-BBB6-3BB7B15ACEEC}"
EndProject
Global
	GlobalSection(SolutionConfigurationPlatforms) = preSolution
		Debug|Any CPU = Debug|Any CPU
		Release|Any CPU = Release|Any CPU
	EndGlobalSection
	GlobalSection(ProjectConfigurationPlatforms) = postSolution
		{7BDC083C-E3D3-416A-9A73-B42BB68DD5A1}.Debug|Any CPU.ActiveCfg = Debug|Any CPU
		{7BDC083C-E3D3-416A-9A73-B42BB68DD5A1}.Debug|Any CPU.Build.0 = Debug|Any CPU
		{7BDC083C-E3D3-416A-9A73-B42BB68DD5A1}.Release|Any CPU.ActiveCfg = Release|Any CPU
		{7BDC083C-E3D3-416A-9A73-B42BB68DD5A1}.Release|Any CPU.Build.0 = Release|Any CPU
		{5A7A6C0E-A898-46CC-BBB6-3BB7B15ACEEC}.Debug|Any CPU.ActiveCfg = Debug|Any CPU
		{5A7A6C0E-A898-46CC-BBB6-3BB7B15ACEEC}.Debug|Any CPU.Build.0 = Debug|Any CPU
		{5A7A6C0E-A898-46CC-BBB6-3BB7B15ACEEC}.Release|Any CPU.ActiveCfg = Release|Any CPU
		{5A7A6C0E-A898-46CC-BBB6-3BB7B15ACEEC}.Release|Any CPU.Build.0 = Release|Any CPU
	EndGlobalSection
	GlobalSection(SolutionProperties) = preSolution
		HideSolutionNode = FALSE
	EndGlobalSection
	GlobalSection(ExtensibilityGlobals) = postSolution
		SolutionGuid = {B55D54CA-9106-4076-B3DF-1175792AF922}
	EndGlobalSection
EndGlobal
